
Microsoft Visual Studio Solution File, Format Version 12.00
# Visual Studio Version 16
VisualStudioVersion = 16.0.29613.14
MinimumVisualStudioVersion = 10.0.40219.1
Project("{FAE04EC0-301F-11D3-BF4B-00C04F79EFBC}") = "2_EF_Sorgular", "2_EF_Sorgular\2_EF_Sorgular.csproj", "{33049C19-823F-4B69-B0A3-D6B981C4882A}"
EndProject
Global
	GlobalSection(SolutionConfigurationPlatforms) = preSolution
		Debug|Any CPU = Debug|Any CPU
		Release|Any CPU = Release|Any CPU
	EndGlobalSection
	GlobalSection(ProjectConfigurationPlatforms) = postSolution
		{33049C19-823F-4B69-B0A3-D6B981C4882A}.Debug|Any CPU.ActiveCfg = Debug|Any CPU
		{33049C19-823F-4B69-B0A3-D6B981C4882A}.Debug|Any CPU.Build.0 = Debug|Any CPU
		{33049C19-823F-4B69-B0A3-D6B981C4882A}.Release|Any CPU.ActiveCfg = Release|Any CPU
		{33049C19-823F-4B69-B0A3-D6B981C4882A}.Release|Any CPU.Build.0 = Release|Any CPU
	EndGlobalSection
	GlobalSection(SolutionProperties) = preSolution
		HideSolutionNode = FALSE
	EndGlobalSection
	GlobalSection(ExtensibilityGlobals) = postSolution
		SolutionGuid = {D0CE8494-D089-42C2-B35A-F899A333B1C8}
	EndGlobalSection
EndGlobal
